
Microsoft Visual Studio Solution File, Format Version 12.00
# Visual Studio Version 17
VisualStudioVersion = 17.3.32922.545
MinimumVisualStudioVersion = 10.0.40219.1
Project("{FAE04EC0-301F-11D3-BF4B-00C04F79EFBC}") = "Gamification", "Gamification\Gamification.csproj", "{3608A85C-F13A-4AB6-AA13-367F72CA22F0}"
EndProject
Global
	GlobalSection(SolutionConfigurationPlatforms) = preSolution
		Debug|Any CPU = Debug|Any CPU
		Release|Any CPU = Release|Any CPU
	EndGlobalSection
	GlobalSection(ProjectConfigurationPlatforms) = postSolution
		{3608A85C-F13A-4AB6-AA13-367F72CA22F0}.Debug|Any CPU.ActiveCfg = Debug|Any CPU
		{3608A85C-F13A-4AB6-AA13-367F72CA22F0}.Debug|Any CPU.Build.0 = Debug|Any CPU
		{3608A85C-F13A-4AB6-AA13-367F72CA22F0}.Release|Any CPU.ActiveCfg = Release|Any CPU
		{3608A85C-F13A-4AB6-AA13-367F72CA22F0}.Release|Any CPU.Build.0 = Release|Any CPU
	EndGlobalSection
	GlobalSection(SolutionProperties) = preSolution
		HideSolutionNode = FALSE
	EndGlobalSection
	GlobalSection(ExtensibilityGlobals) = postSolution
		SolutionGuid = {C4964C0F-F5FA-4427-83BB-735D7C1AC53B}
	EndGlobalSection
EndGlobal
